filippo.io/edwards25519 v1.2.0 h1:crnVqOiS4jqYleHd9vaKZ+HKtHfllngJIiOpNpoJsjo=
filippo.io/edwards25519 v1.2.0/go.mod h1:xzAOLCNug/yB62zG1bQ8uziwrIqIuxhctzJT18Q77mc=
github.com/agext/levenshtein v1.2.3 h1:YB2fHEn0UJagG8T1rrWknE3ZQzWM06O8AMAatNn7lmo=
github.com/agext/levenshtein v1.2.3/go.mod h1:JEDfjyjHDjOF/1e4FlBE/PkbqA9OfWu2ki2W0IB5558=
github.com/apparentlymart/go-textseg/v15 v15.0.0 h1:uYvfpb3DyLSCGWnctWKGj857c6ew1u1fNQOlOtuGxQY=
github.com/apparentlymart/go-textseg/v15 v15.0.0/go.mod h1:K8XmNZdhEBkdlyDdvbmmsvpAG721bKi0joRfFdHIWJ4=
github.com/aws/aws-sdk-go-v2 v1.42.0 h1:XvXMJTkFQtpBKIWZnmr9ZEOc2InWM2yldjXEJ/bymhA=
github.com/aws/aws-sdk-go-v2 v1.42.0/go.mod h1:27+ACypSLljLAEKsCYOmrjKh83vuTRkuAe9Uv/3A4bg=
github.com/aws/aws-sdk-go-v2/aws/protocol/eventstream v1.7.13 h1:p1BBrg/Hhp6uK7zpejeI8QFXHJeC/mynzi04Sl03k9g=
github.com/aws/aws-sdk-go-v2/aws/protocol/eventstream v1.7.13/go.mod h1:8cIfkE9MDhkRZGpQ22aV6/lkYeYSozpz16Smrs5x4Ls=
github.com/aws/aws-sdk-go-v2/config v1.32.24 h1:aEDEj533yGdVvEHfkCY0D/1FbDrjnZr4pIulxRjqpHs=
github.com/aws/aws-sdk-go-v2/config v1.32.24/go.mod h1:yZtrGKJGlqfEW+/m2uTsJK+Jz7xF5R0eZfgcIG9m1ss=
github.com/aws/aws-sdk-go-v2/credentials v1.19.23 h1:Zhu3GOpRCkNjtE/gJpuPDsytSnaCCTQk8neAGsgzG5Y=
github.com/aws/aws-sdk-go-v2/credentials v1.19.23/go.mod h1:VsJF2ropPB37gDr7M2rLSpCE8IQWdpl62uae7qxZmqU=
github.com/aws/aws-sdk-go-v2/feature/ec2/imds v1.18.29 h1:r6qZHbT+wxgWO/e9vYNUEtg7lv5+UN3pRqKhLXvnArg=
github.com/aws/aws-sdk-go-v2/feature/ec2/imds v1.18.29/go.mod h1:QRnaRcTVGKPGRy8w78HMQtKUGRYcnMZAANATkeVA6Mo=
github.com/aws/aws-sdk-go-v2/feature/s3/transfermanager v0.2.9 h1:FjwMGxhQ6uY31o+leQBWtvZu8z0vfkDsuG7IpaI6goo=
github.com/aws/aws-sdk-go-v2/feature/s3/transfermanager v0.2.9/go.mod h1:lTA9XMO2us+m6TK8wzbL7cOYmdPLnSV1T5aRz6Sv4rE=
github.com/aws/aws-sdk-go-v2/internal/configsources v1.4.29 h1:f3vKqSo13fhTYb+JEcXwXefZQE26I1FB5eTSniU67ko=
github.com/aws/aws-sdk-go-v2/internal/configsources v1.4.29/go.mod h1:MzoLFUArKGpGD+ukmPiTPG1X5x4o6M2kq4v2dr1FiEc=
github.com/aws/aws-sdk-go-v2/internal/endpoints/v2 v2.7.29 h1:RdwIf/CuUsvJX3RgJagbOyotl/cxoLY4xviKuE7p2GY=
github.com/aws/aws-sdk-go-v2/internal/endpoints/v2 v2.7.29/go.mod h1:71wt8W2EgswdZy9Mf9KNnzxZ3TiZlv4caKghPktDOkA=
github.com/aws/aws-sdk-go-v2/internal/v4a v1.4.30 h1:VTGy885W5DKBxWRUJbym9hytNaYzsyaPkCHGRRMAOhU=
github.com/aws/aws-sdk-go-v2/internal/v4a v1.4.30/go.mod h1:AS0HycUvJRFvTt613AYDOgO2jzw+00cVSMny8XB3yMY=
github.com/aws/aws-sdk-go-v2/service/acm v1.39.6 h1:oVQJc/KT6S8OWzpGv49skZTXa8COvwwiL8O1lYrJ+0Q=
github.com/aws/aws-sdk-go-v2/service/acm v1.39.6/go.mod h1:x7/FCGJIfZYws5dS1K2PPE/puwDrqjvBgGJb154gkmo=
github.com/aws/aws-sdk-go-v2/service/autoscaling v1.67.4 h1:5xDkTDvStSuTO4qdQfgfmIgQNTjS3kp7CPXHQ3CnqMQ=
github.com/aws/aws-sdk-go-v2/service/autoscaling v1.67.4/go.mod h1:rvzjcotoLfbMIVBpxSl0b6rCQsuty5V2aNL0LalDBr8=
github.com/aws/aws-sdk-go-v2/service/cloudwatchlogs v1.75.2 h1:qXso3xK+5GmfBq8n/ymjJB12kHkO3Yhy9+8cIHlw6J4=
github.com/aws/aws-sdk-go-v2/service/cloudwatchlogs v1.75.2/go.mod h1:N336OxQ6TvRbb6V1esVE8PtQFU86YvYaS+lVjsJTmP0=
github.com/aws/aws-sdk-go-v2/service/dynamodb v1.59.0 h1:S1qETDbdXKZMYVveuxACCKuRqnAt2NlnmYnlq5SeuMY=
github.com/aws/aws-sdk-go-v2/service/dynamodb v1.59.0/go.mod h1:jLkDwIDBkCIpiENQhAOjAR2L9jwj56mZgVEvuro4gUE=
github.com/aws/aws-sdk-go-v2/service/ec2 v1.305.3 h1:rEay0b3E0qqyY+W0c3ox8wGRsVK+GjxXadj9B9vpg4c=
github.com/aws/aws-sdk-go-v2/service/ec2 v1.305.3/go.mod h1:8mrDF7OtbuL0QpwP4YCvLuoOE4/5lL7D33MXgp069/Y=
github.com/aws/aws-sdk-go-v2/service/ecr v1.58.4 h1:fo6cmbxkKq/OtKUG0sK70fDsYjtKuSkjIQZUJwt24YM=
github.com/aws/aws-sdk-go-v2/service/ecr v1.58.4/go.mod h1:7VJFM2lSPHz2I1rRb0a+lbphoOp7hXIgYjGhSTOLY7k=
github.com/aws/aws-sdk-go-v2/service/ecs v1.82.4 h1:/Ja7kRPjDc4eLx4rfMSAmNN6uLgazF6bNs6CsiOU8vc=
github.com/aws/aws-sdk-go-v2/service/ecs v1.82.4/go.mod h1:0vahPCh3slyORHbSuAP8YDyJKLEUQAMX7+bzYGxEnVI=
github.com/aws/aws-sdk-go-v2/service/iam v1.54.4 h1:V5Fl1MjjTCuC6PUsHOVWEbI5kMg0MP5Xsxw9fHX94V8=
github.com/aws/aws-sdk-go-v2/service/iam v1.54.4/go.mod h1:tMNzI+fYFCk4cIdZ7FEybLzShwnmWkfxQw85ED1b4ng=
github.com/aws/aws-sdk-go-v2/service/internal/accept-encoding v1.13.12 h1:ZD2+BSw9vFsNlKYIasSNt3uDbjqqXIBcM13UJv/Lx2k=
github.com/aws/aws-sdk-go-v2/service/internal/accept-encoding v1.13.12/go.mod h1:Ms4zlcVBbXbiP7EVLhl+lgjvA/a7YphqQ3Ih3174EmI=
github.com/aws/aws-sdk-go-v2/service/internal/checksum v1.9.22 h1:V51LGlOq/1VsDsHUdoklAQi7rMmx4qQubvFYAlP2254=
github.com/aws/aws-sdk-go-v2/service/internal/checksum v1.9.22/go.mod h1:4Pzhyz8hJOm2bepgl+NjvRx8vlUFAIIvJnZ/MkcNPpU=
github.com/aws/aws-sdk-go-v2/service/internal/endpoint-discovery v1.12.6 h1:Bs2OwYq0HBgHYwfGmUwYIPtTNaGMGAHkRje4jmW2VoI=
github.com/aws/aws-sdk-go-v2/service/internal/endpoint-discovery v1.12.6/go.mod h1:OTctu4cW8t7/TRlTKPLT6akzyOkfceMWhtEHqtYDIQQ=
github.com/aws/aws-sdk-go-v2/service/internal/presigned-url v1.13.29 h1:DRebniUGZ2MqiiIVmQJ04vIXr918hubdHMnarSLEWyU=
github.com/aws/aws-sdk-go-v2/service/internal/presigned-url v1.13.29/go.mod h1:LfRkPCD8YHDM2E5eTkos2UpwYeZnBcVarTa8L59bJHA=
github.com/aws/aws-sdk-go-v2/service/internal/s3shared v1.19.29 h1:hiME6pBzC7OTl9LMtlyTWBuEl1f4QBcUmFDKC7MLXtc=
github.com/aws/aws-sdk-go-v2/service/internal/s3shared v1.19.29/go.mod h1:G7RP+uhagpKtKhd1BM9N6JQqjCcGEU47K5lBVZQyRQw=
github.com/aws/aws-sdk-go-v2/service/kms v1.53.4 h1:PEgVSsWtR8NNxsDxFL2Ywisi7R+1EFQARGsT4q3mWwI=
github.com/aws/aws-sdk-go-v2/service/kms v1.53.4/go.mod h1:3EeKyDGPGSCEphG2OolwNGNF45RvQIfm27AYYpfEWrw=
github.com/aws/aws-sdk-go-v2/service/lambda v1.92.3 h1:vsC2dL5+XY3sPECnWIfOXQzAXFoclFYi4Txv4M+A/gw=
github.com/aws/aws-sdk-go-v2/service/lambda v1.92.3/go.mod h1:3bF6WydfupDwCv8Q3g/Flt89341w/+NObn+KdQmLA60=
github.com/aws/aws-sdk-go-v2/service/rds v1.119.2 h1:sqAj/4zLlTTqSgvzbRWbYKgaT/IyGVXtwJZKoWcgBdM=
github.com/aws/aws-sdk-go-v2/service/rds v1.119.2/go.mod h1:zCRPUdp05FEZG3OO7LmJq9xkSDjMEhkiVrZV0oJs2a0=
github.com/aws/aws-sdk-go-v2/service/route53 v1.63.3 h1:595VT+Zw2/wNZ7Hcf4AgZXZf2/2irBtVMx6m5/NzwGE=
github.com/aws/aws-sdk-go-v2/service/route53 v1.63.3/go.mod h1:JfPmtoq6Zl78Wuf0nIzcwRlFU34xUPIMaX2x3lHRIGI=
github.com/aws/aws-sdk-go-v2/service/s3 v1.103.3 h1:JRseEu/vIDMaWis4bSw0QbXL+cvIGc1XnX076H5ZXLE=
github.com/aws/aws-sdk-go-v2/service/s3 v1.103.3/go.mod h1:77ZAgynvx1txMvDG8gGWoWkO1augYDxkp9JElWFgjQU=
github.com/aws/aws-sdk-go-v2/service/secretsmanager v1.42.3 h1:L9gPLf3sFH1/ao3oB2QZcaX1xGYi8hj+WJlsf3/dN+M=
github.com/aws/aws-sdk-go-v2/service/secretsmanager v1.42.3/go.mod h1:9DKRlwDCw2OUDlyCIFcQCroL5M0mQTUU9qW8JEDcXmI=
github.com/aws/aws-sdk-go-v2/service/signin v1.1.5 h1:6Xt6Ztjkwdia/7EtEaG7ki/qZUYlCcd7tGUotQed1QE=
github.com/aws/aws-sdk-go-v2/service/signin v1.1.5/go.mod h1:LxYujSTLPRlp2vTtcUO/+1ilrew8ytt6SvQyOgejzFQ=
github.com/aws/aws-sdk-go-v2/service/sns v1.40.1 h1:DLrOlgom0+OYnNaSiVxAXtR6obPjVlbmD+7w5wim9sc=
github.com/aws/aws-sdk-go-v2/service/sns v1.40.1/go.mod h1:V9szvM64GdG5VJUeDRstvLmt/ozgWiSNg3gYnp3mSkk=
github.com/aws/aws-sdk-go-v2/service/sqs v1.44.0 h1:6DQ95Zq5xPUSYm6KWcrar7zvreqAMFmyynYCcmzv6yc=
github.com/aws/aws-sdk-go-v2/service/sqs v1.44.0/go.mod h1:d7eKytKiwDFJeNAP4VWo47VCiNM9z539tkoCGJ6PjXw=
github.com/aws/aws-sdk-go-v2/service/ssm v1.69.3 h1:58LjP8cp8UEHA1LG/JZ4fG9SobHE82kLYe46mogbSI4=
github.com/aws/aws-sdk-go-v2/service/ssm v1.69.3/go.mod h1:16Zd02ocSJp68o4r36MQ4Rikf/Ulv4On5qjMpJJf5Mo=
github.com/aws/aws-sdk-go-v2/service/sso v1.31.3 h1:ey1XLTYXb9PcLt4535632o5kCGXNXEhNb620Dqwuylo=
github.com/aws/aws-sdk-go-v2/service/sso v1.31.3/go.mod h1:Lk7PlmoTYryQmyBG0EXqj5BcUbj3whXdU2s3yGI3EAc=
github.com/aws/aws-sdk-go-v2/service/ssooidc v1.36.6 h1:yLr03zQE/5Eu5l3QU0Si+xMbLMbSDF2YXsigqXngs6g=
github.com/aws/aws-sdk-go-v2/service/ssooidc v1.36.6/go.mod h1:Q5N6icH+KJZDLh+ESNwzdv6cZ6vLFF/egy3IOxWhmz4=
github.com/aws/aws-sdk-go-v2/service/sts v1.43.3 h1:VrIhKRCSK1umelSgB9RghvA9RTUYeQffyAS5ApXehNI=
github.com/aws/aws-sdk-go-v2/service/sts v1.43.3/go.mod h1:r8wkDOuLaaMFqFiYAb8dGY2A3gJCOujMc6CFOVC4Zhc=
github.com/aws/smithy-go v1.27.2 h1:y9NPmSE6am6LjEFPfqHqG/jJk7AauQvhCJONKh7kpzk=
github.com/aws/smithy-go v1.27.2/go.mod h1:YE2RhdIuDbA5E5bTdciG9KrW3+TiEONeUWCqxX9i1Fc=
github.com/bgentry/go-netrc v0.0.0-20140422174119-9fd32a8b3d3d h1:xDfNPAt8lFiC1UJrqV3uuy861HCTo708pDMbjHHdCas=
github.com/bgentry/go-netrc v0.0.0-20140422174119-9fd32a8b3d3d/go.mod h1:6QX/PXZ00z/TKoufEY6K/a0k6AhaJrQKdFe6OfVXsa4=
github.com/boombuler/barcode v1.0.1-0.20190219062509-6c824513bacc/go.mod h1:paBWMcWSl3LHKBqUq+rly7CNSldXjb2rDl3JlRe0mD8=
github.com/boombuler/barcode v1.1.0 h1:ChaYjBR63fr4LFyGn8E8nt7dBSt3MiU3zMOZqFvVkHo=
github.com/boombuler/barcode v1.1.0/go.mod h1:paBWMcWSl3LHKBqUq+rly7CNSldXjb2rDl3JlRe0mD8=
github.com/cpuguy83/go-md2man/v2 v2.0.7 h1:zbFlGlXEAKlwXpmvle3d8Oe3YnkKIK4xSRTd3sHPnBo=
github.com/cpuguy83/go-md2man/v2 v2.0.7/go.mod h1:oOW0eioCTA6cOiMLiUPZOpcVxMig6NIQQ7OS05n1F4g=
github.com/creack/pty v1.1.9/go.mod h1:oKZEueFk5CKHvIhNR5MUki03XCEU+Q6VDXinZuGJ33E=
github.com/davecgh/go-spew v1.1.0/go.mod h1:J7Y8YcW2NihsgmVo/mv3lAwl/skON4iLHjSsI+c5H38=
github.com/davecgh/go-spew v1.1.2-0.20180830191138-d8f796af33cc h1:U9qPSI2PIWSS1VwoXQT9A3Wy9MM3WgvqSxFWenqJduM=
github.com/davecgh/go-spew v1.1.2-0.20180830191138-d8f796af33cc/go.mod h1:J7Y8YcW2NihsgmVo/mv3lAwl/skON4iLHjSsI+c5H38=
github.com/go-errors/errors v1.5.1 h1:ZwEMSLRCapFLflTpT7NKaAc7ukJ8ZPEjzlxt8rPN8bk=
github.com/go-errors/errors v1.5.1/go.mod h1:sIVyrIiJhuEF+Pj9Ebtd6P/rEYROXFi3BopGUQ5a5Og=
github.com/go-sql-driver/mysql v1.10.0 h1:Q+1LV8DkHJvSYAdR83XzuhDaTykuDx0l6fkXxoWCWfw=
github.com/go-sql-driver/mysql v1.10.0/go.mod h1:M+cqaI7+xxXGG9swrdeUIoPG3Y3KCkF0pZej+SK+nWk=
github.com/go-test/deep v1.0.7 h1:/VSMRlnY/JSyqxQUzQLKVMAskpY/NZKFA5j2P+0pP2M=
github.com/go-test/deep v1.0.7/go.mod h1:QV8Hv/iy04NyLBxAdO9njL0iVPN1S4d/A3NVv1V36o8=
github.com/google/go-cmp v0.7.0 h1:wk8382ETsv4JYUZwIsn6YpYiWiBsYLSJiTsyBybVuN8=
github.com/google/go-cmp v0.7.0/go.mod h1:pXiqmnSA92OHEEa9HXL2W4E7lf9JzCmGVUdgjX3N/iU=
github.com/google/uuid v1.6.0 h1:NIvaJDMOsjHA8n1jAhLSgzrAzy1Hgr+hNrb57e+94F0=
github.com/google/uuid v1.6.0/go.mod h1:TIyPZe4MgqvfeYDBFedMoGGpEw/LqOeaOT+nhxU+yHo=
github.com/gruntwork-io/go-commons v0.17.2 h1:14dsCJ7M5Vv2X3BIPKeG9Kdy6vTMGhM8L4WZazxfTuY=
github.com/gruntwork-io/go-commons v0.17.2/go.mod h1:zs7Q2AbUKuTarBPy19CIxJVUX/rBamfW8IwuWKniWkE=
github.com/gruntwork-io/terratest v1.0.0 h1:Zk7VJ5Z9vBSwv8OQ/zzkG5D/tfqyVyjMK+lq2v+Kn/c=
github.com/gruntwork-io/terratest v1.0.0/go.mod h1:g2XWbOQOvnHBFcIYCt5ryaFBWp69+5L+QMbAwor+CBo=
github.com/hashicorp/errwrap v1.0.0/go.mod h1:YH+1FKiLXxHSkmPseP+kNlulaMuP3n2brvKWEqk/Jc4=
github.com/hashicorp/errwrap v1.1.0 h1:OxrOeh75EUXMY8TBjag2fzXGZ40LB6IKw45YeGUDY2I=
github.com/hashicorp/errwrap v1.1.0/go.mod h1:YH+1FKiLXxHSkmPseP+kNlulaMuP3n2brvKWEqk/Jc4=
github.com/hashicorp/go-cleanhttp v0.5.2 h1:035FKYIWjmULyFRBKPs8TBQoi0x6d9G4xc9neXJWAZQ=
github.com/hashicorp/go-cleanhttp v0.5.2/go.mod h1:kO/YDlP8L1346E6Sodw+PrpBSV4/SoxCXGY6BqNFT48=
github.com/hashicorp/go-getter/v2 v2.2.3 h1:6CVzhT0KJQHqd9b0pK3xSP0CM/Cv+bVhk+jcaRJ2pGk=
github.com/hashicorp/go-getter/v2 v2.2.3/go.mod h1:hp5Yy0GMQvwWVUmwLs3ygivz1JSLI323hdIE9J9m7TY=
github.com/hashicorp/go-multierror v1.1.1 h1:H5DkEtf6CXdFp0N0Em5UCwQpXMWke8IA0+lD48awMYo=
github.com/hashicorp/go-multierror v1.1.1/go.mod h1:iw975J/qwKPdAO1clOe2L8331t/9/fmwbPZ6JB6eMoM=
github.com/hashicorp/go-safetemp v1.0.0 h1:2HR189eFNrjHQyENnQMMpCiBAsRxzbTMIgBhEyExpmo=
github.com/hashicorp/go-safetemp v1.0.0/go.mod h1:oaerMy3BhqiTbVye6QuFhFtIceqFoDHxNAB65b+Rj1I=
github.com/hashicorp/go-version v1.9.0 h1:CeOIz6k+LoN3qX9Z0tyQrPtiB1DFYRPfCIBtaXPSCnA=
github.com/hashicorp/go-version v1.9.0/go.mod h1:fltr4n8CU8Ke44wwGCBoEymUuxUHl09ZGVZPK5anwXA=
github.com/hashicorp/hcl/v2 v2.24.0 h1:2QJdZ454DSsYGoaE6QheQZjtKZSUs9Nh2izTWiwQxvE=
github.com/hashicorp/hcl/v2 v2.24.0/go.mod h1:oGoO1FIQYfn/AgyOhlg9qLC6/nOJPX3qGbkZpYAcqfM=
github.com/hashicorp/terraform-json v0.27.2 h1:BwGuzM6iUPqf9JYM/Z4AF1OJ5VVJEEzoKST/tRDBJKU=
github.com/hashicorp/terraform-json v0.27.2/go.mod h1:GzPLJ1PLdUG5xL6xn1OXWIjteQRT2CNT9o/6A9mi9hE=
github.com/jackc/pgpassfile v1.0.0 h1:/6Hmqy13Ss2zCq62VdNG8tM1wchn8zjSGOBJ6icpsIM=
github.com/jackc/pgpassfile v1.0.0/go.mod h1:CEx0iS5ambNFdcRtxPj5JhEz+xB6uRky5eyVu/W2HEg=
github.com/jackc/pgservicefile v0.0.0-20240606120523-5a60cdf6a761 h1:iCEnooe7UlwOQYpKFhBabPMi4aNAfoODPEFNiAnClxo=
github.com/jackc/pgservicefile v0.0.0-20240606120523-5a60cdf6a761/go.mod h1:5TJZWKEWniPve33vlWYSoGYefn3gLQRzjfDlhSJ9ZKM=
github.com/jackc/pgx/v5 v5.10.0 h1:VhSvgU2jSli8o3AqIEOTJr7rZwAEUVo4E4XhR94Zfr0=
github.com/jackc/pgx/v5 v5.10.0/go.mod h1:mal1tBGAFfLHvZzaYh77YS/eC6IX9OWbRV1QIIM0Jn4=
github.com/jackc/puddle/v2 v2.2.2 h1:PR8nw+E/1w0GLuRFSmiioY6UooMp6KJv0/61nB7icHo=
github.com/jackc/puddle/v2 v2.2.2/go.mod h1:vriiEXHvEE654aYKXXjOvZM39qJ0q+azkZFrfEOc3H4=
github.com/jinzhu/copier v0.4.0 h1:w3ciUoD19shMCRargcpm0cm91ytaBhDvuRpz1ODO/U8=
github.com/jinzhu/copier v0.4.0/go.mod h1:DfbEm0FYsaqBcKcFuvmOZb218JkPGtvSHsKg8S8hyyg=
github.com/klauspost/compress v1.18.6 h1:2jupLlAwFm95+YDR+NwD2MEfFO9d4z4Prjl1XXDjuao=
github.com/klauspost/compress v1.18.6/go.mod h1:cwPg85FWrGar70rWktvGQj8/hthj3wpl0PGDogxkrSQ=
github.com/kr/pretty v0.3.0 h1:WgNl7dwNpEZ6jJ9k1snq4pZsg7DOEN8hP9Xw0Tsjwk0=
github.com/kr/pretty v0.3.0/go.mod h1:640gp4NfQd8pI5XOwp5fnNeVWj67G7CFk/SaSQn7NBk=
github.com/kr/text v0.2.0 h1:5Nx0Ya0ZqY2ygV366QzturHI13Jq95ApcVaJBhpS+AY=
github.com/kr/text v0.2.0/go.mod h1:eLer722TekiGuMkidMxC/pM04lWEeraHUUmBw8l2grE=
github.com/mattn/go-zglob v0.0.6 h1:mP8RnmCgho4oaUYDIDn6GNxYk+qJGUs8fJLn+twYj2A=
github.com/mattn/go-zglob v0.0.6/go.mod h1:MxxjyoXXnMxfIpxTK2GAkw1w8glPsQILx3N5wrKakiY=
github.com/mitchellh/go-homedir v1.1.0 h1:lukF9ziXFxDFPkA1vsr5zpc1XuPDn/wFntq5mG+4E0Y=
github.com/mitchellh/go-homedir v1.1.0/go.mod h1:SfyaCUpYCn1Vlf4IUYiD9fPX4A5wJrkLzIz1N1q0pr0=
github.com/mitchellh/go-testing-interface v1.14.1 h1:jrgshOhYAUVNMAJiKbEu7EqAwgJJ2JqpQmpLJOu07cU=
github.com/mitchellh/go-testing-interface v1.14.1/go.mod h1:gfgS7OtZj6MA4U1UrDRp04twqAjfvlZyCfX3sDjEym8=
github.com/mitchellh/go-wordwrap v1.0.1 h1:TLuKupo69TCn6TQSyGxwI1EblZZEsQ0vMlAFQflz0v0=
github.com/mitchellh/go-wordwrap v1.0.1/go.mod h1:R62XHJLzvMFRBbcrT7m7WgmE1eOyTSsCt+hzestvNj0=
github.com/pmezard/go-difflib v1.0.0/go.mod h1:iKH77koFhYxTK1pcRnkKkqfTogsbg7gZNVY4sRDYZ/4=
github.com/pmezard/go-difflib v1.0.1-0.20181226105442-5d4384ee4fb2 h1:Jamvg5psRIccs7FGNTlIRMkT8wgtp5eCXdBlqhYGL6U=
github.com/pmezard/go-difflib v1.0.1-0.20181226105442-5d4384ee4fb2/go.mod h1:iKH77koFhYxTK1pcRnkKkqfTogsbg7gZNVY4sRDYZ/4=
github.com/pquerna/otp v1.5.0 h1:NMMR+WrmaqXU4EzdGJEE1aUUI0AMRzsp96fFFWNPwxs=
github.com/pquerna/otp v1.5.0/go.mod h1:dkJfzwRKNiegxyNb54X/3fLwhCynbMspSyWKnvi1AEg=
github.com/rogpeppe/go-internal v1.15.0 h1:D0RCU5rMAp+SpgkiNdrjfJ+LX4J1M32V2NeCY7EJ6hc=
github.com/rogpeppe/go-internal v1.15.0/go.mod h1:DrUVZyrJU+txYW5/1kwtXQSMFio52ZOxX7yM1VHvnxs=
github.com/russross/blackfriday/v2 v2.1.0 h1:JIOH55/0cWyOuilr9/qlrm0BSXldqnqwMsf35Ld67mk=
github.com/russross/blackfriday/v2 v2.1.0/go.mod h1:+Rmxgy9KzJVeS9/2gXHxylqXiyQDYRxCVz55jmeOWTM=
github.com/stretchr/objx v0.1.0/go.mod h1:HFkY916IF+rwdDfMAkV7OtwuqBVzrE8GR6GFx+wExME=
github.com/stretchr/testify v1.3.0/go.mod h1:M5WIy9Dh21IEIfnGCwXGc5bZfKNJtfHm1UVUgZn+9EI=
github.com/stretchr/testify v1.7.0/go.mod h1:6Fq8oRcR53rry900zMqJjRRixrwX3KX962/h/Wwjteg=
github.com/stretchr/testify v1.11.1 h1:7s2iGBzp5EwR7/aIZr8ao5+dra3wiQyKjjFuvgVKu7U=
github.com/stretchr/testify v1.11.1/go.mod h1:wZwfW3scLgRK+23gO65QZefKpKQRnfz6sD981Nm4B6U=
github.com/tmccombs/hcl2json v0.6.9 h1:Pvqe6XgLQ8WxuQWp/QPRmV+8uHvUIuCs5b+Q8jvbrdc=
github.com/tmccombs/hcl2json v0.6.9/go.mod h1:JIcW8tgtY0DTxXAIXxfNYvBa6MvMptf6GabOCjiOOak=
github.com/ulikunitz/xz v0.5.15 h1:9DNdB5s+SgV3bQ2ApL10xRc35ck0DuIX/isZvIk+ubY=
github.com/ulikunitz/xz v0.5.15/go.mod h1:nbz6k7qbPmH4IRqmfOplQw/tblSgqTqBwxkY0oWt/14=
github.com/urfave/cli/v2 v2.27.7 h1:bH59vdhbjLv3LAvIu6gd0usJHgoTTPhCFib8qqOwXYU=
github.com/urfave/cli/v2 v2.27.7/go.mod h1:CyNAG/xg+iAOg0N4MPGZqVmv2rCoP267496AOXUZjA4=
github.com/xrash/smetrics v0.0.0-20250705151800-55b8f293f342 h1:FnBeRrxr7OU4VvAzt5X7s6266i6cSVkkFPS0TuXWbIg=
github.com/xrash/smetrics v0.0.0-20250705151800-55b8f293f342/go.mod h1:Ohn+xnUBiLI6FVj/9LpzZWtj1/D6lUovWYBkxHVV3aM=
github.com/zclconf/go-cty v1.18.1 h1:yEGE8M4iIZlyKQURZNb2SnEyZlZHUcBCnx6KF81KuwM=
github.com/zclconf/go-cty v1.18.1/go.mod h1:qpnV6EDNgC1sns/AleL1fvatHw72j+S+nS+MJ+T2CSg=
github.com/zclconf/go-cty-debug v0.0.0-20240509010212-0d6042c53940 h1:4r45xpDWB6ZMSMNJFMOjqrGHynW3DIBuR2H9j0ug+Mo=
github.com/zclconf/go-cty-debug v0.0.0-20240509010212-0d6042c53940/go.mod h1:CmBdvvj3nqzfzJ6nTCIwDTPZ56aVGvDrmztiO5g3qrM=
golang.org/x/crypto v0.53.0 h1:QZ4Muo8THX6CizN2vPPd5fBGHyogrdK9fG4wLPFUsto=
golang.org/x/crypto v0.53.0/go.mod h1:DNLU434OwVakk9PzuwV8w62mAJpRJL3vsgcfp4Qnsio=
golang.org/x/mod v0.37.0 h1:vF1DjpVEshcIqoEaauuHebaLk1O1forxjxBaVn884JQ=
golang.org/x/mod v0.37.0/go.mod h1:m8S8VeM9r4dzDwjrKO0a1sZP3YjeMamRRlD+fmR2Q/0=
golang.org/x/sync v0.21.0 h1:HLII4xRRTtCRkxYp4HNFF0Js/Og6q2i++KXbg0gHCwM=
golang.org/x/sync v0.21.0/go.mod h1:9xrNwdLfx4jkKbNva9FpL6vEN7evnE43NNNJQ2LF3+0=
golang.org/x/sys v0.46.0 h1:noSf2Fq6F8DBgS+LysIkx7rIExoNHJsxOAtPp4rthXw=
golang.org/x/sys v0.46.0/go.mod h1:4GL1E5IUh+htKOUEOaiffhrAeqysfVGipDYzABqnCmw=
golang.org/x/term v0.44.0 h1:0rLvDRCtNj0gZkyIXhCyOb2OAzEhLVqc4B+hrsBhrmc=
golang.org/x/term v0.44.0/go.mod h1:7ze4MdzUzLXpSAoFP1H0bOI9aXDqveSvatT5vKcFh2Y=
golang.org/x/text v0.38.0 h1:sXmwo9DwP3OK9EZ7PqAdaooSGozfl/3a6/xJcbzPRhE=
golang.org/x/text v0.38.0/go.mod h1:YXZt3QhHUKYT53r2lLKFIVi6Ao1jdzrTR/KQ09qyxF4=
golang.org/x/tools v0.45.0 h1:18qN3FAooORvApf5XjCXgsuayZOEtXf6JK18I3+ONa8=
golang.org/x/tools v0.45.0/go.mod h1:LuUGqqaXcXMEFEruIVJVm5mgDD8vww/z/SR1gQ4uE/0=
gopkg.in/check.v1 v0.0.0-20161208181325-20d25e280405/go.mod h1:Co6ibVJAznAaIkqp8huTwlJQCZ016jof/cbN4VW5Yz0=
gopkg.in/check.v1 v1.0.0-20201130134442-10cb98267c6c h1:Hei/4ADfdWqJk1ZMxUNpqntNwaWcugrBjAiHlqqRiVk=
gopkg.in/check.v1 v1.0.0-20201130134442-10cb98267c6c/go.mod h1:JHkPIbrfpd72SG/EVd6muEfDQjcINNoR0C8j2r3qZ4Q=
gopkg.in/yaml.v3 v3.0.0-20200313102051-9f266ea9e77c/go.mod h1:K4uyk7z7BCEPqu6E+C64Yfv1cQ7kz7rIZviUmN+EgEM=
gopkg.in/yaml.v3 v3.0.1 h1:fxVm/GzAzEWqLHuvctI91KS9hhNmmWOoWu0XTYJS7CA=
gopkg.in/yaml.v3 v3.0.1/go.mod h1:K4uyk7z7BCEPqu6E+C64Yfv1cQ7kz7rIZviUmN+EgEM=
